{
  "name": "bcc-technologies.github.io",
  "lockfileVersion": 3,
  "requires": true,
  "packages": {
    "": {
      "name": "bcc-technologies.github.io",
      "devDependencies": {
        "@electric-sql/pglite": "0.5.8",
        "@fontsource/manrope": "5.3.0",
        "@fontsource/montserrat": "5.3.0",
        "@fontsource/sora": "5.3.0",
        "opentype.js": "2.0.0"
      }
    },
    "node_modules/@electric-sql/pglite": {
      "version": "0.5.8",
      "resolved": "https://registry.npmjs.org/@electric-sql/pglite/-/pglite-0.5.8.tgz",
      "integrity": "sha512-n9tsbUOhwx2epK1V0ZG9Ar4SHWUju04dhmzZXiSBXwBoleOvIfals33NAaWgagQVAL4Rbvx/Ptsu3P+pA09f6Q==",
      "dev": true,
      "license": "Apache-2.0"
    },
    "node_modules/@fontsource/manrope": {
      "version": "5.3.0",
      "resolved": "https://registry.npmjs.org/@fontsource/manrope/-/manrope-5.3.0.tgz",
      "integrity": "sha512-obJ1Dv3+uCA6HlHgW8u4BGYxJR9In2HW7gjJhlflEvkrj1X1iSEwu0fToL+JYGC/FEKFfIz1sBuPduvcL2gIAA==",
      "dev": true,
      "license": "OFL-1.1",
      "funding": {
        "url": "https://github.com/sponsors/ayuhito"
      }
    },
    "node_modules/@fontsource/montserrat": {
      "version": "5.3.0",
      "resolved": "https://registry.npmjs.org/@fontsource/montserrat/-/montserrat-5.3.0.tgz",
      "integrity": "sha512-iQPDtZOnmM5ih4JBGaMSXisRap0ixb9bAUw2hDtY7EjVfaqiiNlKtVuJl9XclxUwtwMMHNcWXfQR6zI9x05+Tg==",
      "dev": true,
      "license": "OFL-1.1",
      "funding": {
        "url": "https://github.com/sponsors/ayuhito"
      }
    },
    "node_modules/@fontsource/sora": {
      "version": "5.3.0",
      "resolved": "https://registry.npmjs.org/@fontsource/sora/-/sora-5.3.0.tgz",
      "integrity": "sha512-SqW3OpKxxfKvxDLPlbdrWf2KooPfbd+W3jaYn483o+Y/JrmU87vjFPNptDqwP428c3vY+gnranLhjcbRaXB0Jw==",
      "dev": true,
      "license": "OFL-1.1",
      "funding": {
        "url": "https://github.com/sponsors/ayuhito"
      }
    },
    "node_modules/opentype.js": {
      "version": "2.0.0",
      "resolved": "https://registry.npmjs.org/opentype.js/-/opentype.js-2.0.0.tgz",
      "integrity": "sha512-kCyjv6xdDY1W/jLWZ/L3QhhTlKUqDZMQ5+Jdlw12b3dXkKNpYBqqlMMj0YDQPShWFTMwgZI1hG14kN3XUDSg/A==",
      "dev": true,
      "license": "MIT",
      "bin": {
        "ot": "bin/ot"
      }
    }
  }
}
